
Microsoft Visual Studio Solution File, Format Version 12.00
Project("{FAE04EC0-301F-11D3-BF4B-00C04F79EFBC}") = "CacheClient", "CacheClient.csproj", "{785C8CB0-D14B-4894-9BBA-1491C0DE2189}"
EndProject
Project("{2150E333-8FDC-42A3-9474-1A3956D46DE8}") = "Solution Items", "Solution Items", "{C7EEF564-2715-4571-91F8-D62241E593D0}"
	ProjectSection(SolutionItems) = preProject
		.gitignore = .gitignore
		README.md = README.md
	EndProjectSection
EndProject
Global
	GlobalSection(SolutionConfigurationPlatforms) = preSolution
		Debug|Any CPU = Debug|Any CPU
		Release|Any CPU = Release|Any CPU
	EndGlobalSection
	GlobalSection(ProjectConfigurationPlatforms) = postSolution
		{785C8CB0-D14B-4894-9BBA-1491C0DE2189}.Debug|Any CPU.ActiveCfg = Debug|Any CPU
		{785C8CB0-D14B-4894-9BBA-1491C0DE2189}.Debug|Any CPU.Build.0 = Debug|Any CPU
		{785C8CB0-D14B-4894-9BBA-1491C0DE2189}.Release|Any CPU.ActiveCfg = Release|Any CPU
		{785C8CB0-D14B-4894-9BBA-1491C0DE2189}.Release|Any CPU.Build.0 = Release|Any CPU
	EndGlobalSection
EndGlobal
